PODS:
  - XTComponentBLE (1.0.9):
    - XTComponentBLE/BLE4 (= 1.0.9)
    - XTComponentBLE/Models (= 1.0.9)
  - XTComponentBLE/BLE4 (1.0.9):
    - XTComponentBLE/Models
  - XTComponentBLE/Models (1.0.9)
  - XTComponentUtils (1.1.9):
    - XTComponentUtils/LocalDependency (= 1.1.9)
    - XTComponentUtils/Models (= 1.1.9)
    - XTComponentUtils/XTUtils (= 1.1.9)
  - XTComponentUtils/LocalDependency (1.1.9)
  - XTComponentUtils/Models (1.1.9)
  - XTComponentUtils/XTUtils (1.1.9):
    - XTComponentUtils/LocalDependency
    - XTComponentUtils/Models

DEPENDENCIES:
  - XTComponentBLE
  - XTComponentUtils

SPEC REPOS:
  https://github.com/leblanc-zx/ZXSpecs.git:
    - XTComponentBLE
    - XTComponentUtils

SPEC CHECKSUMS:
  XTComponentBLE: 313b47f5abc8a383be4c501d895a863af9c1ba58
  XTComponentUtils: cdea69754d5468ed773b6587c818a8c2f076636e

PODFILE CHECKSUM: 9cb5ecdfec76a88b5c62732bf6a82ab422e58d70

COCOAPODS: 1.5.0
