PODS:
  - XTComponentBLE (1.1.0):
    - XTComponentBLE/BLE4 (= 1.1.0)
    - XTComponentBLE/Models (= 1.1.0)
  - XTComponentBLE/BLE4 (1.1.0):
    - XTComponentBLE/Models
  - XTComponentBLE/Models (1.1.0)
  - XTComponentUtils (1.2.2):
    - XTComponentUtils/LocalDependency (= 1.2.2)
    - XTComponentUtils/Models (= 1.2.2)
    - XTComponentUtils/XTUtils (= 1.2.2)
  - XTComponentUtils/LocalDependency (1.2.2)
  - XTComponentUtils/Models (1.2.2)
  - XTComponentUtils/XTUtils (1.2.2):
    - XTComponentUtils/LocalDependency
    - XTComponentUtils/Models

DEPENDENCIES:
  - XTComponentBLE
  - XTComponentUtils

SPEC REPOS:
  https://github.com/leblanc-zx/ZXSpecs.git:
    - XTComponentBLE
    - XTComponentUtils

SPEC CHECKSUMS:
  XTComponentBLE: 7627a911655da70880d8e978fd8da80ded2b28d2
  XTComponentUtils: 780004bd808c1244c1f2dd2c37854575e3d18a4d

PODFILE CHECKSUM: 0e7bda49814cec7716e8b9d2e0e27b674c529415

COCOAPODS: 1.5.0
